
Microsoft Visual Studio Solution File, Format Version 12.00
# Visual Studio Version 17
VisualStudioVersion = 17.4.33213.308
MinimumVisualStudioVersion = 10.0.40219.1
Project("{2150E333-8FDC-42A3-9474-1A3956D46DE8}") = "Homework01", "Homework01", "{7452B326-4042-4E92-90AD-0F07AEAA0F10}"
EndProject
Project("{FAE04EC0-301F-11D3-BF4B-00C04F79EFBC}") = "Calculation", "Calculation\Calculation.csproj", "{B4BE3EBD-3FA5-49F8-90CF-661527387C01}"
EndProject
Project("{FAE04EC0-301F-11D3-BF4B-00C04F79EFBC}") = "Tests", "Tests\Tests.csproj", "{F55ED2B3-1E6D-499A-9CE5-692676457B92}"
EndProject
Global
	GlobalSection(SolutionConfigurationPlatforms) = preSolution
		Debug|Any CPU = Debug|Any CPU
		Release|Any CPU = Release|Any CPU
	EndGlobalSection
	GlobalSection(ProjectConfigurationPlatforms) = postSolution
		{B4BE3EBD-3FA5-49F8-90CF-661527387C01}.Debug|Any CPU.ActiveCfg = Debug|Any CPU
		{B4BE3EBD-3FA5-49F8-90CF-661527387C01}.Debug|Any CPU.Build.0 = Debug|Any CPU
		{B4BE3EBD-3FA5-49F8-90CF-661527387C01}.Release|Any CPU.ActiveCfg = Release|Any CPU
		{B4BE3EBD-3FA5-49F8-90CF-661527387C01}.Release|Any CPU.Build.0 = Release|Any CPU
		{F55ED2B3-1E6D-499A-9CE5-692676457B92}.Debug|Any CPU.ActiveCfg = Debug|Any CPU
		{F55ED2B3-1E6D-499A-9CE5-692676457B92}.Debug|Any CPU.Build.0 = Debug|Any CPU
		{F55ED2B3-1E6D-499A-9CE5-692676457B92}.Release|Any CPU.ActiveCfg = Release|Any CPU
		{F55ED2B3-1E6D-499A-9CE5-692676457B92}.Release|Any CPU.Build.0 = Release|Any CPU
	EndGlobalSection
	GlobalSection(SolutionProperties) = preSolution
		HideSolutionNode = FALSE
	EndGlobalSection
	GlobalSection(NestedProjects) = preSolution
		{B4BE3EBD-3FA5-49F8-90CF-661527387C01} = {7452B326-4042-4E92-90AD-0F07AEAA0F10}
		{F55ED2B3-1E6D-499A-9CE5-692676457B92} = {7452B326-4042-4E92-90AD-0F07AEAA0F10}
	EndGlobalSection
	GlobalSection(ExtensibilityGlobals) = postSolution
		SolutionGuid = {BE01A017-BE33-4354-B9DE-C9784A50D165}
	EndGlobalSection
EndGlobal
